<?xml version="1.0" encoding="utf-8"?>
<Project ToolsVersion="4.0" xmlns="http://schemas.microsoft.com/developer/msbuild/2003">
  <ItemGroup>
    <Filter Include="소스 파일">
      <UniqueIdentifier>{4FC737F1-C7A5-4376-A066-2A32D752A2FF}</UniqueIdentifier>
      <Extensions>cpp;c;cc;cxx;c++;cppm;ixx;def;odl;idl;hpj;bat;asm;asmx</Extensions>
    </Filter>
    <Filter Include="헤더 파일">
      <UniqueIdentifier>{93995380-89BD-4b04-88EB-625FBE52EBFB}</UniqueIdentifier>
      <Extensions>h;hh;hpp;hxx;h++;hm;inl;inc;ipp;xsd</Extensions>
    </Filter>
    <Filter Include="리소스 파일">
      <UniqueIdentifier>{67DA6AB6-F800-4c08-8B7A-83BB121AAD01}</UniqueIdentifier>
      <Extensions>rc;ico;cur;bmp;dlg;rc2;rct;bin;rgs;gif;jpg;jpeg;jpe;resx;tiff;tif;png;wav;mfcribbon-ms</Extensions>
    </Filter>
    <Filter Include="2DFramework">
      <UniqueIdentifier>{6817a57d-641c-4de9-a03c-44bc8a8526ec}</UniqueIdentifier>
    </Filter>
    <Filter Include="2DFramework\Manager">
      <UniqueIdentifier>{dae50390-c81a-4d1e-ac71-be2f1828f641}</UniqueIdentifier>
    </Filter>
    <Filter Include="Scene">
      <UniqueIdentifier>{adb66638-83b8-4a65-a5bb-6175706028ef}</UniqueIdentifier>
    </Filter>
    <Filter Include="2DFramework\Animator">
      <UniqueIdentifier>{9dceab16-a795-4e0b-9df2-934607f98147}</UniqueIdentifier>
    </Filter>
    <Filter Include="2DFramework\Animator\2dData">
      <UniqueIdentifier>{dceae723-4c51-4ed1-8806-8c97ff0f0428}</UniqueIdentifier>
    </Filter>
    <Filter Include="2DFramework\UI">
      <UniqueIdentifier>{2922b8c9-32e8-4bb3-bc23-8844396aaee3}</UniqueIdentifier>
    </Filter>
  </ItemGroup>
  <ItemGroup>
    <ClInclude Include="CommonFunction.h">
      <Filter>헤더 파일</Filter>
    </ClInclude>
    <ClInclude Include="Config.h">
      <Filter>헤더 파일</Filter>
    </ClInclude>
    <ClInclude Include="SceneManager.h">
      <Filter>2DFramework\Manager</Filter>
    </ClInclude>
    <ClInclude Include="KeyManager.h">
      <Filter>2DFramework\Manager</Filter>
    </ClInclude>
    <ClInclude Include="GameEntity.h">
      <Filter>2DFramework</Filter>
    </ClInclude>
    <ClInclude Include="GameObject.h">
      <Filter>2DFramework</Filter>
    </ClInclude>
    <ClInclude Include="Image.h">
      <Filter>2DFramework</Filter>
    </ClInclude>
    <ClInclude Include="MainGame.h">
      <Filter>2DFramework</Filter>
    </ClInclude>
    <ClInclude Include="Command.h">
      <Filter>2DFramework</Filter>
    </ClInclude>
    <ClInclude Include="Character.h">
      <Filter>2DFramework</Filter>
    </ClInclude>
    <ClInclude Include="Scene.h">
      <Filter>Scene</Filter>
    </ClInclude>
    <ClInclude Include="Singleton.h">
      <Filter>2DFramework\Manager</Filter>
    </ClInclude>
    <ClInclude Include="AnimationScene.h">
      <Filter>Scene</Filter>
    </ClInclude>
    <ClInclude Include="LeonaAnimation.h">
      <Filter>2DFramework\Animator\2dData</Filter>
    </ClInclude>
    <ClInclude Include="RalfAnimation.h">
      <Filter>2DFramework\Animator\2dData</Filter>
    </ClInclude>
    <ClInclude Include="BluemaryAnimation.h">
      <Filter>2DFramework\Animator\2dData</Filter>
    </ClInclude>
    <ClInclude Include="ChAnimation.h">
      <Filter>2DFramework\Animator</Filter>
    </ClInclude>
    <ClInclude Include="CharacterSelectScene.h">
      <Filter>Scene</Filter>
    </ClInclude>
    <ClInclude Include="ChAnimData.h">
      <Filter>2DFramework\Animator</Filter>
    </ClInclude>
    <ClInclude Include="HitBoxScene.h">
      <Filter>Scene</Filter>
    </ClInclude>
    <ClInclude Include="HealthBar.h">
      <Filter>2DFramework\UI</Filter>
    </ClInclude>
    <ClInclude Include="ImageManager.h">
      <Filter>2DFramework\Manager</Filter>
    </ClInclude>
    <ClInclude Include="OpeningScene.h">
      <Filter>Scene</Filter>
    </ClInclude>
    <ClInclude Include="UITimer.h">
      <Filter>2DFramework\UI</Filter>
    </ClInclude>
  </ItemGroup>
  <ItemGroup>
    <ClCompile Include="main.cpp">
      <Filter>소스 파일</Filter>
    </ClCompile>
    <ClCompile Include="KeyManager.cpp">
      <Filter>2DFramework\Manager</Filter>
    </ClCompile>
    <ClCompile Include="SceneManager.cpp">
      <Filter>2DFramework\Manager</Filter>
    </ClCompile>
    <ClCompile Include="GameEntity.cpp">
      <Filter>2DFramework</Filter>
    </ClCompile>
    <ClCompile Include="GameObject.cpp">
      <Filter>2DFramework</Filter>
    </ClCompile>
    <ClCompile Include="Image.cpp">
      <Filter>2DFramework</Filter>
    </ClCompile>
    <ClCompile Include="MainGame.cpp">
      <Filter>2DFramework</Filter>
    </ClCompile>
    <ClCompile Include="Character.cpp">
      <Filter>2DFramework</Filter>
    </ClCompile>
    <ClCompile Include="Command.cpp">
      <Filter>2DFramework</Filter>
    </ClCompile>
    <ClCompile Include="Scene.cpp">
      <Filter>Scene</Filter>
    </ClCompile>
    <ClCompile Include="AnimationScene.cpp">
      <Filter>Scene</Filter>
    </ClCompile>
    <ClCompile Include="LeonaAnimation.cpp">
      <Filter>2DFramework\Animator\2dData</Filter>
    </ClCompile>
    <ClCompile Include="RalfAnimation.cpp">
      <Filter>2DFramework\Animator\2dData</Filter>
    </ClCompile>
    <ClCompile Include="BluemaryAnimation.cpp">
      <Filter>2DFramework\Animator\2dData</Filter>
    </ClCompile>
    <ClCompile Include="CharacterSelectScene.cpp">
      <Filter>Scene</Filter>
    </ClCompile>
    <ClCompile Include="ChAnimation.cpp">
      <Filter>2DFramework\Animator</Filter>
    </ClCompile>
    <ClCompile Include="HitBoxScene.cpp">
      <Filter>Scene</Filter>
    </ClCompile>
    <ClCompile Include="HealthBar.cpp">
      <Filter>2DFramework\UI</Filter>
    </ClCompile>
    <ClCompile Include="ImageManager.cpp">
      <Filter>2DFramework\Manager</Filter>
    </ClCompile>
    <ClCompile Include="OpeningScene.cpp">
      <Filter>Scene</Filter>
    </ClCompile>
    <ClCompile Include="UITimer.cpp">
      <Filter>2DFramework\UI</Filter>
    </ClCompile>
  </ItemGroup>
</Project>